# Generated by buf. DO NOT EDIT.
version: v1
deps:
  - remote: buf.build
    owner: cosmos
    repository: cosmos-proto
    commit: 1935555c206d4afb9e94615dfd0fad31
    digest: shake256:c74d91a3ac7ae07d579e90eee33abf9b29664047ac8816500cf22c081fec0d72d62c89ce0bebafc1f6fec7aa5315be72606717740ca95007248425102c365377
  - remote: buf.build
    owner: cosmos
    repository: cosmos-sdk
    commit: 75c35c62f0f64a76b65777a1aa81b056
    digest: shake256:a368c618989df305bb37eab8e950c110632c9a2d158d2e88be91c6c17ab2dff37b53df06d18d228f0699791c06d49d18a220177b8db0c6dd42fddcf10dab41af
  - remote: buf.build
    owner: cosmos
    repository: gogo-proto
    commit: 5e5b9fdd01804356895f8f79a6f1ddc1
    digest: shake256:0b85da49e2e5f9ebc4806eae058e2f56096ff3b1c59d1fb7c190413dd15f45dd456f0b69ced9059341c80795d2b6c943de15b120a9e0308b499e43e4b5fc2952
  - remote: buf.build
    owner: googleapis
    repository: googleapis
    commit: 28151c0d0a1641bf938a7672c500e01d
    digest: shake256:49215edf8ef57f7863004539deff8834cfb2195113f0b890dd1f67815d9353e28e668019165b9d872395871eeafcbab3ccfdb2b5f11734d3cca95be9e8d139de
